PODS:
  - Flutter (1.0.0)
  - terra_flutter_bridge (0.0.2):
    - Flutter
    - TerraiOS (~> 1.0.1)
  - TerraiOS (1.0.1)

DEPENDENCIES:
  - Flutter (from `Flutter`)
  - terra_flutter_bridge (from `.symlinks/plugins/terra_flutter_bridge/ios`)

SPEC REPOS:
  trunk:
    - TerraiOS

EXTERNAL SOURCES:
  Flutter:
    :path: Flutter
  terra_flutter_bridge:
    :path: ".symlinks/plugins/terra_flutter_bridge/ios"

SPEC CHECKSUMS:
  Flutter: 50d75fe2f02b26cc09d224853bb45737f8b3214a
  terra_flutter_bridge: d12769f9a2170be0770f6d029c7aa744684d1f83
  TerraiOS: e2a412bf87500786c7e218fdf0434d4636a32920

PODFILE CHECKSUM: cc1f88378b4bfcf93a6ce00d2c587857c6008d3b

COCOAPODS: 1.11.3
