PODS:
  - Flutter (1.0.0)
  - terra_flutter_bridge (0.4.3):
    - Flutter
    - TerraiOS (~> 1.6.25)
  - TerraiOS (1.6.25)

DEPENDENCIES:
  - Flutter (from `Flutter`)
  - terra_flutter_bridge (from `.symlinks/plugins/terra_flutter_bridge/ios`)

SPEC REPOS:
  trunk:
    - TerraiOS

EXTERNAL SOURCES:
  Flutter:
    :path: Flutter
  terra_flutter_bridge:
    :path: ".symlinks/plugins/terra_flutter_bridge/ios"

SPEC CHECKSUMS:
  Flutter: e0871f40cf51350855a761d2e70bf5af5b9b5de7
  terra_flutter_bridge: 0b965428ba19d494eecb249aceef2eb345a0af0c
  TerraiOS: da72abd7e80e73365c78978908f78a42d37a0151

PODFILE CHECKSUM: cc1f88378b4bfcf93a6ce00d2c587857c6008d3b

COCOAPODS: 1.16.2
