PODS:
  - Flutter (1.0.0)
  - terra_flutter_bridge (0.4.3):
    - Flutter
    - TerraiOS (~> 1.6.23)
  - TerraiOS (1.6.23)

DEPENDENCIES:
  - Flutter (from `Flutter`)
  - terra_flutter_bridge (from `.symlinks/plugins/terra_flutter_bridge/ios`)

SPEC REPOS:
  trunk:
    - TerraiOS

EXTERNAL SOURCES:
  Flutter:
    :path: Flutter
  terra_flutter_bridge:
    :path: ".symlinks/plugins/terra_flutter_bridge/ios"

SPEC CHECKSUMS:
  Flutter: e0871f40cf51350855a761d2e70bf5af5b9b5de7
  terra_flutter_bridge: ecd37d76776991fb3040bd5199d53960c6eab3f4
  TerraiOS: 351ee44219770f148a3ccb43849ba9a27a10726b

PODFILE CHECKSUM: cc1f88378b4bfcf93a6ce00d2c587857c6008d3b

COCOAPODS: 1.13.0
